{
	"name": "testkit-backend",
	"version": "5.0.0-dev",
	"lockfileVersion": 2,
	"requires": true,
	"packages": {
		"": {
			"name": "testkit-backend",
			"version": "5.0.0-dev",
			"license": "Apache-2.0",
			"dependencies": {
				"node-static": "^0.7.11",
				"ws": "^8.11.0"
			},
			"devDependencies": {
				"@rollup/plugin-commonjs": "^21.1.0",
				"@rollup/plugin-node-resolve": "^13.3.0",
				"esm": "^3.2.25",
				"rollup": "^2.77.4-1",
				"rollup-plugin-inject-process-env": "^1.3.1",
				"rollup-plugin-polyfill-node": "^0.11.0",
				"sinon": "^15.0.1"
			}
		},
		"node_modules/@jridgewell/sourcemap-codec": {
			"version": "1.4.14",
			"resolved": "https://registry.npmjs.org/@jridgewell/sourcemap-codec/-/sourcemap-codec-1.4.14.tgz",
			"integrity": "sha512-XPSJHWmi394fuUuzDnGz1wiKqWfo1yXecHQMRf2l6hztTO+nPru658AyDngaBe7isIxEkRsPR3FZh+s7iVa4Uw==",
			"dev": true
		},
		"node_modules/@rollup/plugin-commonjs": {
			"version": "21.1.0",
			"resolved": "https://registry.npmjs.org/@rollup/plugin-commonjs/-/plugin-commonjs-21.1.0.tgz",
			"integrity": "sha512-6ZtHx3VHIp2ReNNDxHjuUml6ur+WcQ28N1yHgCQwsbNkQg2suhxGMDQGJOn/KuDxKtd1xuZP5xSTwBA4GQ8hbA==",
			"dev": true,
			"dependencies": {
				"@rollup/pluginutils": "^3.1.0",
				"commondir": "^1.0.1",
				"estree-walker": "^2.0.1",
				"glob": "^7.1.6",
				"is-reference": "^1.2.1",
				"magic-string": "^0.25.7",
				"resolve": "^1.17.0"
			},
			"engines": {
				"node": ">= 8.0.0"
			},
			"peerDependencies": {
				"rollup": "^2.38.3"
			}
		},
		"node_modules/@rollup/plugin-commonjs/node_modules/estree-walker": {
			"version": "2.0.2",
			"resolved": "https://registry.npmjs.org/estree-walker/-/estree-walker-2.0.2.tgz",
			"integrity": "sha512-Rfkk/Mp/DL7JVje3u18FxFujQlTNR2q6QfMSMB7AvCBx91NGj/ba3kCfza0f6dVDbw7YlRf/nDrn7pQrCCyQ/w==",
			"dev": true
		},
		"node_modules/@rollup/plugin-node-resolve": {
			"version": "13.3.0",
			"resolved": "https://registry.npmjs.org/@rollup/plugin-node-resolve/-/plugin-node-resolve-13.3.0.tgz",
			"integrity": "sha512-Lus8rbUo1eEcnS4yTFKLZrVumLPY+YayBdWXgFSHYhTT2iJbMhoaaBL3xl5NCdeRytErGr8tZ0L71BMRmnlwSw==",
			"dev": true,
			"dependencies": {
				"@rollup/pluginutils": "^3.1.0",
				"@types/resolve": "1.17.1",
				"deepmerge": "^4.2.2",
				"is-builtin-module": "^3.1.0",
				"is-module": "^1.0.0",
				"resolve": "^1.19.0"
			},
			"engines": {
				"node": ">= 10.0.0"
			},
			"peerDependencies": {
				"rollup": "^2.42.0"
			}
		},
		"node_modules/@rollup/pluginutils": {
			"version": "3.1.0",
			"resolved": "https://registry.npmjs.org/@rollup/pluginutils/-/pluginutils-3.1.0.tgz",
			"integrity": "sha512-GksZ6pr6TpIjHm8h9lSQ8pi8BE9VeubNT0OMJ3B5uZJ8pz73NPiqOtCog/x2/QzM1ENChPKxMDhiQuRHsqc+lg==",
			"dev": true,
			"dependencies": {
				"@types/estree": "0.0.39",
				"estree-walker": "^1.0.1",
				"picomatch": "^2.2.2"
			},
			"engines": {
				"node": ">= 8.0.0"
			},
			"peerDependencies": {
				"rollup": "^1.20.0||^2.0.0"
			}
		},
		"node_modules/@sinonjs/commons": {
			"version": "3.0.0",
			"resolved": "https://registry.npmjs.org/@sinonjs/commons/-/commons-3.0.0.tgz",
			"integrity": "sha512-jXBtWAF4vmdNmZgD5FoKsVLv3rPgDnLgPbU84LIJ3otV44vJlDRokVng5v8NFJdCf/da9legHcKaRuZs4L7faA==",
			"dev": true,
			"dependencies": {
				"type-detect": "4.0.8"
			}
		},
		"node_modules/@sinonjs/fake-timers": {
			"version": "10.0.2",
			"resolved": "https://registry.npmjs.org/@sinonjs/fake-timers/-/fake-timers-10.0.2.tgz",
			"integrity": "sha512-SwUDyjWnah1AaNl7kxsa7cfLhlTYoiyhDAIgyh+El30YvXs/o7OLXpYH88Zdhyx9JExKrmHDJ+10bwIcY80Jmw==",
			"dev": true,
			"dependencies": {
				"@sinonjs/commons": "^2.0.0"
			}
		},
		"node_modules/@sinonjs/fake-timers/node_modules/@sinonjs/commons": {
			"version": "2.0.0",
			"resolved": "https://registry.npmjs.org/@sinonjs/commons/-/commons-2.0.0.tgz",
			"integrity": "sha512-uLa0j859mMrg2slwQYdO/AkrOfmH+X6LTVmNTS9CqexuE2IvVORIkSpJLqePAbEnKJ77aMmCwr1NUZ57120Xcg==",
			"dev": true,
			"dependencies": {
				"type-detect": "4.0.8"
			}
		},
		"node_modules/@sinonjs/samsam": {
			"version": "8.0.0",
			"resolved": "https://registry.npmjs.org/@sinonjs/samsam/-/samsam-8.0.0.tgz",
			"integrity": "sha512-Bp8KUVlLp8ibJZrnvq2foVhP0IVX2CIprMJPK0vqGqgrDa0OHVKeZyBykqskkrdxV6yKBPmGasO8LVjAKR3Gew==",
			"dev": true,
			"dependencies": {
				"@sinonjs/commons": "^2.0.0",
				"lodash.get": "^4.4.2",
				"type-detect": "^4.0.8"
			}
		},
		"node_modules/@sinonjs/samsam/node_modules/@sinonjs/commons": {
			"version": "2.0.0",
			"resolved": "https://registry.npmjs.org/@sinonjs/commons/-/commons-2.0.0.tgz",
			"integrity": "sha512-uLa0j859mMrg2slwQYdO/AkrOfmH+X6LTVmNTS9CqexuE2IvVORIkSpJLqePAbEnKJ77aMmCwr1NUZ57120Xcg==",
			"dev": true,
			"dependencies": {
				"type-detect": "4.0.8"
			}
		},
		"node_modules/@sinonjs/text-encoding": {
			"version": "0.7.2",
			"resolved": "https://registry.npmjs.org/@sinonjs/text-encoding/-/text-encoding-0.7.2.tgz",
			"integrity": "sha512-sXXKG+uL9IrKqViTtao2Ws6dy0znu9sOaP1di/jKGW1M6VssO8vlpXCQcpZ+jisQ1tTFAC5Jo/EOzFbggBagFQ==",
			"dev": true
		},
		"node_modules/@types/estree": {
			"version": "0.0.39",
			"resolved": "https://registry.npmjs.org/@types/estree/-/estree-0.0.39.tgz",
			"integrity": "sha512-EYNwp3bU+98cpU4lAWYYL7Zz+2gryWH1qbdDTidVd6hkiR6weksdbMadyXKXNPEkQFhXM+hVO9ZygomHXp+AIw==",
			"dev": true
		},
		"node_modules/@types/node": {
			"version": "16.11.7",
			"resolved": "https://registry.npmjs.org/@types/node/-/node-16.11.7.tgz",
			"integrity": "sha512-QB5D2sqfSjCmTuWcBWyJ+/44bcjO7VbjSbOE0ucoVbAsSNQc4Lt6QkgkVXkTDwkL4z/beecZNDvVX15D4P8Jbw==",
			"dev": true
		},
		"node_modules/@types/resolve": {
			"version": "1.17.1",
			"resolved": "https://registry.npmjs.org/@types/resolve/-/resolve-1.17.1.tgz",
			"integrity": "sha512-yy7HuzQhj0dhGpD8RLXSZWEkLsV9ibvxvi6EiJ3bkqLAO1RGo0WbkWQiwpRlSFymTJRz0d3k5LM3kkx8ArDbLw==",
			"dev": true,
			"dependencies": {
				"@types/node": "*"
			}
		},
		"node_modules/balanced-match": {
			"version": "1.0.2",
			"resolved": "https://registry.npmjs.org/balanced-match/-/balanced-match-1.0.2.tgz",
			"integrity": "sha512-3oSeUO0TMV67hN1AmbXsK4yaqU7tjiHlbxRDZOpH0KW9+CeX4bRAaX0Anxt0tx2MrpRpWwQaPwIlISEJhYU5Pw==",
			"dev": true
		},
		"node_modules/brace-expansion": {
			"version": "1.1.11",
			"resolved": "https://registry.npmjs.org/brace-expansion/-/brace-expansion-1.1.11.tgz",
			"integrity": "sha512-iCuPHDFgrHX7H2vEI/5xpz07zSHB00TpugqhmYtVmMO6518mCuRMoOYFldEBl0g187ufozdaHgWKcYFb61qGiA==",
			"dev": true,
			"dependencies": {
				"balanced-match": "^1.0.0",
				"concat-map": "0.0.1"
			}
		},
		"node_modules/builtin-modules": {
			"version": "3.3.0",
			"resolved": "https://registry.npmjs.org/builtin-modules/-/builtin-modules-3.3.0.tgz",
			"integrity": "sha512-zhaCDicdLuWN5UbN5IMnFqNMhNfo919sH85y2/ea+5Yg9TsTkeZxpL+JLbp6cgYFS4sRLp3YV4S6yDuqVWHYOw==",
			"dev": true,
			"engines": {
				"node": ">=6"
			},
			"funding": {
				"url": "https://github.com/sponsors/sindresorhus"
			}
		},
		"node_modules/colors": {
			"version": "1.4.0",
			"resolved": "https://registry.npmjs.org/colors/-/colors-1.4.0.tgz",
			"integrity": "sha512-a+UqTh4kgZg/SlGvfbzDHpgRu7AAQOmmqRHJnxhRZICKFUT91brVhNNt58CMWU9PsBbv3PDCZUHbVxuDiH2mtA==",
			"engines": {
				"node": ">=0.1.90"
			}
		},
		"node_modules/commondir": {
			"version": "1.0.1",
			"resolved": "https://registry.npmjs.org/commondir/-/commondir-1.0.1.tgz",
			"integrity": "sha1-3dgA2gxmEnOTzKWVDqloo6rxJTs=",
			"dev": true
		},
		"node_modules/concat-map": {
			"version": "0.0.1",
			"resolved": "https://registry.npmjs.org/concat-map/-/concat-map-0.0.1.tgz",
			"integrity": "sha1-2Klr13/Wjfd5OnMDajug1UBdR3s=",
			"dev": true
		},
		"node_modules/deepmerge": {
			"version": "4.2.2",
			"resolved": "https://registry.npmjs.org/deepmerge/-/deepmerge-4.2.2.tgz",
			"integrity": "sha512-FJ3UgI4gIl+PHZm53knsuSFpE+nESMr7M4v9QcgB7S63Kj/6WqMiFQJpBBYz1Pt+66bZpP3Q7Lye0Oo9MPKEdg==",
			"dev": true,
			"engines": {
				"node": ">=0.10.0"
			}
		},
		"node_modules/diff": {
			"version": "5.1.0",
			"resolved": "https://registry.npmjs.org/diff/-/diff-5.1.0.tgz",
			"integrity": "sha512-D+mk+qE8VC/PAUrlAU34N+VfXev0ghe5ywmpqrawphmVZc1bEfn56uo9qpyGp1p4xpzOHkSW4ztBd6L7Xx4ACw==",
			"dev": true,
			"engines": {
				"node": ">=0.3.1"
			}
		},
		"node_modules/esm": {
			"version": "3.2.25",
			"resolved": "https://registry.npmjs.org/esm/-/esm-3.2.25.tgz",
			"integrity": "sha512-U1suiZ2oDVWv4zPO56S0NcR5QriEahGtdN2OR6FiOG4WJvcjBVFB0qI4+eKoWFH483PKGuLuu6V8Z4T5g63UVA==",
			"dev": true,
			"engines": {
				"node": ">=6"
			}
		},
		"node_modules/estree-walker": {
			"version": "1.0.1",
			"resolved": "https://registry.npmjs.org/estree-walker/-/estree-walker-1.0.1.tgz",
			"integrity": "sha512-1fMXF3YP4pZZVozF8j/ZLfvnR8NSIljt56UhbZ5PeeDmmGHpgpdwQt7ITlGvYaQukCvuBRMLEiKiYC+oeIg4cg==",
			"dev": true
		},
		"node_modules/fs.realpath": {
			"version": "1.0.0",
			"resolved": "https://registry.npmjs.org/fs.realpath/-/fs.realpath-1.0.0.tgz",
			"integrity": "sha1-FQStJSMVjKpA20onh8sBQRmU6k8=",
			"dev": true
		},
		"node_modules/fsevents": {
			"version": "2.3.2",
			"resolved": "https://registry.npmjs.org/fsevents/-/fsevents-2.3.2.tgz",
			"integrity": "sha512-xiqMQR4xAeHTuB9uWm+fFRcIOgKBMiOBP+eXiyT7jsgVCq1bkVygt00oASowB7EdtpOHaaPgKt812P9ab+DDKA==",
			"dev": true,
			"hasInstallScript": true,
			"optional": true,
			"os": [
				"darwin"
			],
			"engines": {
				"node": "^8.16.0 || ^10.6.0 || >=11.0.0"
			}
		},
		"node_modules/function-bind": {
			"version": "1.1.1",
			"resolved": "https://registry.npmjs.org/function-bind/-/function-bind-1.1.1.tgz",
			"integrity": "sha512-yIovAzMX49sF8Yl58fSCWJ5svSLuaibPxXQJFLmBObTuCr0Mf1KiPopGM9NiFjiYBCbfaa2Fh6breQ6ANVTI0A==",
			"dev": true
		},
		"node_modules/glob": {
			"version": "7.2.0",
			"resolved": "https://registry.npmjs.org/glob/-/glob-7.2.0.tgz",
			"integrity": "sha512-lmLf6gtyrPq8tTjSmrO94wBeQbFR3HbLHbuyD69wuyQkImp2hWqMGB47OX65FBkPffO641IP9jWa1z4ivqG26Q==",
			"dev": true,
			"dependencies": {
				"fs.realpath": "^1.0.0",
				"inflight": "^1.0.4",
				"inherits": "2",
				"minimatch": "^3.0.4",
				"once": "^1.3.0",
				"path-is-absolute": "^1.0.0"
			},
			"engines": {
				"node": "*"
			},
			"funding": {
				"url": "https://github.com/sponsors/isaacs"
			}
		},
		"node_modules/has": {
			"version": "1.0.3",
			"resolved": "https://registry.npmjs.org/has/-/has-1.0.3.tgz",
			"integrity": "sha512-f2dvO0VU6Oej7RkWJGrehjbzMAjFp5/VKPp5tTpWIV4JHHZK1/BxbFRtf/siA2SWTe09caDmVtYYzWEIbBS4zw==",
			"dev": true,
			"dependencies": {
				"function-bind": "^1.1.1"
			},
			"engines": {
				"node": ">= 0.4.0"
			}
		},
		"node_modules/has-flag": {
			"version": "4.0.0",
			"resolved": "https://registry.npmjs.org/has-flag/-/has-flag-4.0.0.tgz",
			"integrity": "sha512-EykJT/Q1KjTWctppgIAgfSO0tKVuZUjhgMr17kqTumMl6Afv3EISleU7qZUzoXDFTAHTDC4NOoG/ZxU3EvlMPQ==",
			"dev": true,
			"engines": {
				"node": ">=8"
			}
		},
		"node_modules/inflight": {
			"version": "1.0.6",
			"resolved": "https://registry.npmjs.org/inflight/-/inflight-1.0.6.tgz",
			"integrity": "sha1-Sb1jMdfQLQwJvJEKEHW6gWW1bfk=",
			"dev": true,
			"dependencies": {
				"once": "^1.3.0",
				"wrappy": "1"
			}
		},
		"node_modules/inherits": {
			"version": "2.0.4",
			"resolved": "https://registry.npmjs.org/inherits/-/inherits-2.0.4.tgz",
			"integrity": "sha512-k/vGaX4/Yla3WzyMCvTQOXYeIHvqOKtnqBduzTHpzpQZzAskKMhZ2K+EnBiSM9zGSoIFeMpXKxa4dYeZIQqewQ==",
			"dev": true
		},
		"node_modules/is-builtin-module": {
			"version": "3.2.0",
			"resolved": "https://registry.npmjs.org/is-builtin-module/-/is-builtin-module-3.2.0.tgz",
			"integrity": "sha512-phDA4oSGt7vl1n5tJvTWooWWAsXLY+2xCnxNqvKhGEzujg+A43wPlPOyDg3C8XQHN+6k/JTQWJ/j0dQh/qr+Hw==",
			"dev": true,
			"dependencies": {
				"builtin-modules": "^3.3.0"
			},
			"engines": {
				"node": ">=6"
			},
			"funding": {
				"url": "https://github.com/sponsors/sindresorhus"
			}
		},
		"node_modules/is-core-module": {
			"version": "2.8.0",
			"resolved": "https://registry.npmjs.org/is-core-module/-/is-core-module-2.8.0.tgz",
			"integrity": "sha512-vd15qHsaqrRL7dtH6QNuy0ndJmRDrS9HAM1CAiSifNUFv4x1a0CCVsj18hJ1mShxIG6T2i1sO78MkP56r0nYRw==",
			"dev": true,
			"dependencies": {
				"has": "^1.0.3"
			},
			"funding": {
				"url": "https://github.com/sponsors/ljharb"
			}
		},
		"node_modules/is-module": {
			"version": "1.0.0",
			"resolved": "https://registry.npmjs.org/is-module/-/is-module-1.0.0.tgz",
			"integrity": "sha1-Mlj7afeMFNW4FdZkM2tM/7ZEFZE=",
			"dev": true
		},
		"node_modules/is-reference": {
			"version": "1.2.1",
			"resolved": "https://registry.npmjs.org/is-reference/-/is-reference-1.2.1.tgz",
			"integrity": "sha512-U82MsXXiFIrjCK4otLT+o2NA2Cd2g5MLoOVXUZjIOhLurrRxpEXzI8O0KZHr3IjLvlAH1kTPYSuqer5T9ZVBKQ==",
			"dev": true,
			"dependencies": {
				"@types/estree": "*"
			}
		},
		"node_modules/isarray": {
			"version": "0.0.1",
			"resolved": "https://registry.npmjs.org/isarray/-/isarray-0.0.1.tgz",
			"integrity": "sha512-D2S+3GLxWH+uhrNEcoh/fnmYeP8E8/zHl644d/jdA0g2uyXvy3sb0qxotE+ne0LtccHknQzWwZEzhak7oJ0COQ==",
			"dev": true
		},
		"node_modules/just-extend": {
			"version": "4.2.1",
			"resolved": "https://registry.npmjs.org/just-extend/-/just-extend-4.2.1.tgz",
			"integrity": "sha512-g3UB796vUFIY90VIv/WX3L2c8CS2MdWUww3CNrYmqza1Fg0DURc2K/O4YrnklBdQarSJ/y8JnJYDGc+1iumQjg==",
			"dev": true
		},
		"node_modules/lodash.get": {
			"version": "4.4.2",
			"resolved": "https://registry.npmjs.org/lodash.get/-/lodash.get-4.4.2.tgz",
			"integrity": "sha512-z+Uw/vLuy6gQe8cfaFWD7p0wVv8fJl3mbzXh33RS+0oW2wvUqiRXiQ69gLWSLpgB5/6sU+r6BlQR0MBILadqTQ==",
			"dev": true
		},
		"node_modules/magic-string": {
			"version": "0.25.7",
			"resolved": "https://registry.npmjs.org/magic-string/-/magic-string-0.25.7.tgz",
			"integrity": "sha512-4CrMT5DOHTDk4HYDlzmwu4FVCcIYI8gauveasrdCu2IKIFOJ3f0v/8MDGJCDL9oD2ppz/Av1b0Nj345H9M+XIA==",
			"dev": true,
			"dependencies": {
				"sourcemap-codec": "^1.4.4"
			}
		},
		"node_modules/mime": {
			"version": "1.6.0",
			"resolved": "https://registry.npmjs.org/mime/-/mime-1.6.0.tgz",
			"integrity": "sha512-x0Vn8spI+wuJ1O6S7gnbaQg8Pxh4NNHb7KSINmEWKiPE4RKOplvijn+NkmYmmRgP68mc70j2EbeTFRsrswaQeg==",
			"bin": {
				"mime": "cli.js"
			},
			"engines": {
				"node": ">=4"
			}
		},
		"node_modules/minimatch": {
			"version": "3.0.4",
			"resolved": "https://registry.npmjs.org/minimatch/-/minimatch-3.0.4.tgz",
			"integrity": "sha512-yJHVQEhyqPLUTgt9B83PXu6W3rx4MvvHvSUvToogpwoGDOUQ+yDrR0HRot+yOCdCO7u4hX3pWft6kWBBcqh0UA==",
			"dev": true,
			"dependencies": {
				"brace-expansion": "^1.1.7"
			},
			"engines": {
				"node": "*"
			}
		},
		"node_modules/minimist": {
			"version": "0.0.10",
			"resolved": "https://registry.npmjs.org/minimist/-/minimist-0.0.10.tgz",
			"integrity": "sha1-3j+YVD2/lggr5IrRoMfNqDYwHc8="
		},
		"node_modules/nise": {
			"version": "5.1.4",
			"resolved": "https://registry.npmjs.org/nise/-/nise-5.1.4.tgz",
			"integrity": "sha512-8+Ib8rRJ4L0o3kfmyVCL7gzrohyDe0cMFTBa2d364yIrEGMEoetznKJx899YxjybU6bL9SQkYPSBBs1gyYs8Xg==",
			"dev": true,
			"dependencies": {
				"@sinonjs/commons": "^2.0.0",
				"@sinonjs/fake-timers": "^10.0.2",
				"@sinonjs/text-encoding": "^0.7.1",
				"just-extend": "^4.0.2",
				"path-to-regexp": "^1.7.0"
			}
		},
		"node_modules/nise/node_modules/@sinonjs/commons": {
			"version": "2.0.0",
			"resolved": "https://registry.npmjs.org/@sinonjs/commons/-/commons-2.0.0.tgz",
			"integrity": "sha512-uLa0j859mMrg2slwQYdO/AkrOfmH+X6LTVmNTS9CqexuE2IvVORIkSpJLqePAbEnKJ77aMmCwr1NUZ57120Xcg==",
			"dev": true,
			"dependencies": {
				"type-detect": "4.0.8"
			}
		},
		"node_modules/node-static": {
			"version": "0.7.11",
			"resolved": "https://registry.npmjs.org/node-static/-/node-static-0.7.11.tgz",
			"integrity": "sha512-zfWC/gICcqb74D9ndyvxZWaI1jzcoHmf4UTHWQchBNuNMxdBLJMDiUgZ1tjGLEIe/BMhj2DxKD8HOuc2062pDQ==",
			"dependencies": {
				"colors": ">=0.6.0",
				"mime": "^1.2.9",
				"optimist": ">=0.3.4"
			},
			"bin": {
				"static": "bin/cli.js"
			},
			"engines": {
				"node": ">= 0.4.1"
			}
		},
		"node_modules/once": {
			"version": "1.4.0",
			"resolved": "https://registry.npmjs.org/once/-/once-1.4.0.tgz",
			"integrity": "sha1-WDsap3WWHUsROsF9nFC6753Xa9E=",
			"dev": true,
			"dependencies": {
				"wrappy": "1"
			}
		},
		"node_modules/optimist": {
			"version": "0.6.1",
			"resolved": "https://registry.npmjs.org/optimist/-/optimist-0.6.1.tgz",
			"integrity": "sha1-2j6nRob6IaGaERwybpDrFaAZZoY=",
			"dependencies": {
				"minimist": "~0.0.1",
				"wordwrap": "~0.0.2"
			}
		},
		"node_modules/path-is-absolute": {
			"version": "1.0.1",
			"resolved": "https://registry.npmjs.org/path-is-absolute/-/path-is-absolute-1.0.1.tgz",
			"integrity": "sha1-F0uSaHNVNP+8es5r9TpanhtcX18=",
			"dev": true,
			"engines": {
				"node": ">=0.10.0"
			}
		},
		"node_modules/path-parse": {
			"version": "1.0.7",
			"resolved": "https://registry.npmjs.org/path-parse/-/path-parse-1.0.7.tgz",
			"integrity": "sha512-LDJzPVEEEPR+y48z93A0Ed0yXb8pAByGWo/k5YYdYgpY2/2EsOsksJrq7lOHxryrVOn1ejG6oAp8ahvOIQD8sw==",
			"dev": true
		},
		"node_modules/path-to-regexp": {
			"version": "1.8.0",
			"resolved": "https://registry.npmjs.org/path-to-regexp/-/path-to-regexp-1.8.0.tgz",
			"integrity": "sha512-n43JRhlUKUAlibEJhPeir1ncUID16QnEjNpwzNdO3Lm4ywrBpBZ5oLD0I6br9evr1Y9JTqwRtAh7JLoOzAQdVA==",
			"dev": true,
			"dependencies": {
				"isarray": "0.0.1"
			}
		},
		"node_modules/picomatch": {
			"version": "2.3.1",
			"resolved": "https://registry.npmjs.org/picomatch/-/picomatch-2.3.1.tgz",
			"integrity": "sha512-JU3teHTNjmE2VCGFzuY8EXzCDVwEqB2a8fsIvwaStHhAWJEeVd1o1QD80CU6+ZdEXXSLbSsuLwJjkCBWqRQUVA==",
			"dev": true,
			"engines": {
				"node": ">=8.6"
			},
			"funding": {
				"url": "https://github.com/sponsors/jonschlinkert"
			}
		},
		"node_modules/resolve": {
			"version": "1.20.0",
			"resolved": "https://registry.npmjs.org/resolve/-/resolve-1.20.0.tgz",
			"integrity": "sha512-wENBPt4ySzg4ybFQW2TT1zMQucPK95HSh/nq2CFTZVOGut2+pQvSsgtda4d26YrYcr067wjbmzOG8byDPBX63A==",
			"dev": true,
			"dependencies": {
				"is-core-module": "^2.2.0",
				"path-parse": "^1.0.6"
			},
			"funding": {
				"url": "https://github.com/sponsors/ljharb"
			}
		},
		"node_modules/rollup": {
			"version": "2.79.1",
			"resolved": "https://registry.npmjs.org/rollup/-/rollup-2.79.1.tgz",
			"integrity": "sha512-uKxbd0IhMZOhjAiD5oAFp7BqvkA4Dv47qpOCtaNvng4HBwdbWtdOh8f5nZNuk2rp51PMGk3bzfWu5oayNEuYnw==",
			"dev": true,
			"bin": {
				"rollup": "dist/bin/rollup"
			},
			"engines": {
				"node": ">=10.0.0"
			},
			"optionalDependencies": {
				"fsevents": "~2.3.2"
			}
		},
		"node_modules/rollup-plugin-inject-process-env": {
			"version": "1.3.1",
			"resolved": "https://registry.npmjs.org/rollup-plugin-inject-process-env/-/rollup-plugin-inject-process-env-1.3.1.tgz",
			"integrity": "sha512-kKDoL30IZr0wxbNVJjq+OS92RJSKRbKV6B5eNW4q3mZTFqoWDh6lHy+mPDYuuGuERFNKXkG+AKxvYqC9+DRpKQ==",
			"dev": true,
			"dependencies": {
				"magic-string": "^0.25.7"
			}
		},
		"node_modules/rollup-plugin-polyfill-node": {
			"version": "0.11.0",
			"resolved": "https://registry.npmjs.org/rollup-plugin-polyfill-node/-/rollup-plugin-polyfill-node-0.11.0.tgz",
			"integrity": "sha512-5t+qhq4LAQKQBgbPOQJEoxxGzU5b+zLfvzpUAGy9u0MCMs8y+mrjUAv8+xrkWdxnwXQwJtjmCMnA9lCflsMzNw==",
			"dev": true,
			"dependencies": {
				"@rollup/plugin-inject": "^5.0.1"
			},
			"peerDependencies": {
				"rollup": "^1.20.0 || ^2.0.0 || ^3.0.0"
			}
		},
		"node_modules/rollup-plugin-polyfill-node/node_modules/@rollup/plugin-inject": {
			"version": "5.0.3",
			"resolved": "https://registry.npmjs.org/@rollup/plugin-inject/-/plugin-inject-5.0.3.tgz",
			"integrity": "sha512-411QlbL+z2yXpRWFXSmw/teQRMkXcAAC8aYTemc15gwJRpvEVDQwoe+N/HTFD8RFG8+88Bme9DK2V9CVm7hJdA==",
			"dev": true,
			"dependencies": {
				"@rollup/pluginutils": "^5.0.1",
				"estree-walker": "^2.0.2",
				"magic-string": "^0.27.0"
			},
			"engines": {
				"node": ">=14.0.0"
			},
			"peerDependencies": {
				"rollup": "^1.20.0||^2.0.0||^3.0.0"
			},
			"peerDependenciesMeta": {
				"rollup": {
					"optional": true
				}
			}
		},
		"node_modules/rollup-plugin-polyfill-node/node_modules/@rollup/plugin-inject/node_modules/@rollup/pluginutils": {
			"version": "5.0.2",
			"resolved": "https://registry.npmjs.org/@rollup/pluginutils/-/pluginutils-5.0.2.tgz",
			"integrity": "sha512-pTd9rIsP92h+B6wWwFbW8RkZv4hiR/xKsqre4SIuAOaOEQRxi0lqLke9k2/7WegC85GgUs9pjmOjCUi3In4vwA==",
			"dev": true,
			"dependencies": {
				"@types/estree": "^1.0.0",
				"estree-walker": "^2.0.2",
				"picomatch": "^2.3.1"
			},
			"engines": {
				"node": ">=14.0.0"
			},
			"peerDependencies": {
				"rollup": "^1.20.0||^2.0.0||^3.0.0"
			},
			"peerDependenciesMeta": {
				"rollup": {
					"optional": true
				}
			}
		},
		"node_modules/rollup-plugin-polyfill-node/node_modules/@types/estree": {
			"version": "1.0.0",
			"resolved": "https://registry.npmjs.org/@types/estree/-/estree-1.0.0.tgz",
			"integrity": "sha512-WulqXMDUTYAXCjZnk6JtIHPigp55cVtDgDrO2gHRwhyJto21+1zbVCtOYB2L1F9w4qCQ0rOGWBnBe0FNTiEJIQ==",
			"dev": true
		},
		"node_modules/rollup-plugin-polyfill-node/node_modules/estree-walker": {
			"version": "2.0.2",
			"resolved": "https://registry.npmjs.org/estree-walker/-/estree-walker-2.0.2.tgz",
			"integrity": "sha512-Rfkk/Mp/DL7JVje3u18FxFujQlTNR2q6QfMSMB7AvCBx91NGj/ba3kCfza0f6dVDbw7YlRf/nDrn7pQrCCyQ/w==",
			"dev": true
		},
		"node_modules/rollup-plugin-polyfill-node/node_modules/magic-string": {
			"version": "0.27.0",
			"resolved": "https://registry.npmjs.org/magic-string/-/magic-string-0.27.0.tgz",
			"integrity": "sha512-8UnnX2PeRAPZuN12svgR9j7M1uWMovg/CEnIwIG0LFkXSJJe4PdfUGiTGl8V9bsBHFUtfVINcSyYxd7q+kx9fA==",
			"dev": true,
			"dependencies": {
				"@jridgewell/sourcemap-codec": "^1.4.13"
			},
			"engines": {
				"node": ">=12"
			}
		},
		"node_modules/sinon": {
			"version": "15.0.3",
			"resolved": "https://registry.npmjs.org/sinon/-/sinon-15.0.3.tgz",
			"integrity": "sha512-si3geiRkeovP7Iel2O+qGL4NrO9vbMf3KsrJEi0ghP1l5aBkB5UxARea5j0FUsSqH3HLBh0dQPAyQ8fObRUqHw==",
			"dev": true,
			"dependencies": {
				"@sinonjs/commons": "^3.0.0",
				"@sinonjs/fake-timers": "^10.0.2",
				"@sinonjs/samsam": "^8.0.0",
				"diff": "^5.1.0",
				"nise": "^5.1.4",
				"supports-color": "^7.2.0"
			},
			"funding": {
				"type": "opencollective",
				"url": "https://opencollective.com/sinon"
			}
		},
		"node_modules/sourcemap-codec": {
			"version": "1.4.8",
			"resolved": "https://registry.npmjs.org/sourcemap-codec/-/sourcemap-codec-1.4.8.tgz",
			"integrity": "sha512-9NykojV5Uih4lgo5So5dtw+f0JgJX30KCNI8gwhz2J9A15wD0Ml6tjHKwf6fTSa6fAdVBdZeNOs9eJ71qCk8vA==",
			"dev": true
		},
		"node_modules/supports-color": {
			"version": "7.2.0",
			"resolved": "https://registry.npmjs.org/supports-color/-/supports-color-7.2.0.tgz",
			"integrity": "sha512-qpCAvRl9stuOHveKsn7HncJRvv501qIacKzQlO/+Lwxc9+0q2wLyv4Dfvt80/DPn2pqOBsJdDiogXGR9+OvwRw==",
			"dev": true,
			"dependencies": {
				"has-flag": "^4.0.0"
			},
			"engines": {
				"node": ">=8"
			}
		},
		"node_modules/type-detect": {
			"version": "4.0.8",
			"resolved": "https://registry.npmjs.org/type-detect/-/type-detect-4.0.8.tgz",
			"integrity": "sha512-0fr/mIH1dlO+x7TlcMy+bIDqKPsw/70tVyeHW787goQjhmqaZe10uwLujubK9q9Lg6Fiho1KUKDYz0Z7k7g5/g==",
			"dev": true,
			"engines": {
				"node": ">=4"
			}
		},
		"node_modules/wordwrap": {
			"version": "0.0.3",
			"resolved": "https://registry.npmjs.org/wordwrap/-/wordwrap-0.0.3.tgz",
			"integrity": "sha1-o9XabNXAvAAI03I0u68b7WMFkQc=",
			"engines": {
				"node": ">=0.4.0"
			}
		},
		"node_modules/wrappy": {
			"version": "1.0.2",
			"resolved": "https://registry.npmjs.org/wrappy/-/wrappy-1.0.2.tgz",
			"integrity": "sha1-tSQ9jz7BqjXxNkYFvA0QNuMKtp8=",
			"dev": true
		},
		"node_modules/ws": {
			"version": "8.11.0",
			"resolved": "https://registry.npmjs.org/ws/-/ws-8.11.0.tgz",
			"integrity": "sha512-HPG3wQd9sNQoT9xHyNCXoDUa+Xw/VevmY9FoHyQ+g+rrMn4j6FB4np7Z0OhdTgjx6MgQLK7jwSy1YecU1+4Asg==",
			"engines": {
				"node": ">=10.0.0"
			},
			"peerDependencies": {
				"bufferutil": "^4.0.1",
				"utf-8-validate": "^5.0.2"
			},
			"peerDependenciesMeta": {
				"bufferutil": {
					"optional": true
				},
				"utf-8-validate": {
					"optional": true
				}
			}
		}
	},
	"dependencies": {
		"@jridgewell/sourcemap-codec": {
			"version": "1.4.14",
			"resolved": "https://registry.npmjs.org/@jridgewell/sourcemap-codec/-/sourcemap-codec-1.4.14.tgz",
			"integrity": "sha512-XPSJHWmi394fuUuzDnGz1wiKqWfo1yXecHQMRf2l6hztTO+nPru658AyDngaBe7isIxEkRsPR3FZh+s7iVa4Uw==",
			"dev": true
		},
		"@rollup/plugin-commonjs": {
			"version": "21.1.0",
			"resolved": "https://registry.npmjs.org/@rollup/plugin-commonjs/-/plugin-commonjs-21.1.0.tgz",
			"integrity": "sha512-6ZtHx3VHIp2ReNNDxHjuUml6ur+WcQ28N1yHgCQwsbNkQg2suhxGMDQGJOn/KuDxKtd1xuZP5xSTwBA4GQ8hbA==",
			"dev": true,
			"requires": {
				"@rollup/pluginutils": "^3.1.0",
				"commondir": "^1.0.1",
				"estree-walker": "^2.0.1",
				"glob": "^7.1.6",
				"is-reference": "^1.2.1",
				"magic-string": "^0.25.7",
				"resolve": "^1.17.0"
			},
			"dependencies": {
				"estree-walker": {
					"version": "2.0.2",
					"resolved": "https://registry.npmjs.org/estree-walker/-/estree-walker-2.0.2.tgz",
					"integrity": "sha512-Rfkk/Mp/DL7JVje3u18FxFujQlTNR2q6QfMSMB7AvCBx91NGj/ba3kCfza0f6dVDbw7YlRf/nDrn7pQrCCyQ/w==",
					"dev": true
				}
			}
		},
		"@rollup/plugin-node-resolve": {
			"version": "13.3.0",
			"resolved": "https://registry.npmjs.org/@rollup/plugin-node-resolve/-/plugin-node-resolve-13.3.0.tgz",
			"integrity": "sha512-Lus8rbUo1eEcnS4yTFKLZrVumLPY+YayBdWXgFSHYhTT2iJbMhoaaBL3xl5NCdeRytErGr8tZ0L71BMRmnlwSw==",
			"dev": true,
			"requires": {
				"@rollup/pluginutils": "^3.1.0",
				"@types/resolve": "1.17.1",
				"deepmerge": "^4.2.2",
				"is-builtin-module": "^3.1.0",
				"is-module": "^1.0.0",
				"resolve": "^1.19.0"
			}
		},
		"@rollup/pluginutils": {
			"version": "3.1.0",
			"resolved": "https://registry.npmjs.org/@rollup/pluginutils/-/pluginutils-3.1.0.tgz",
			"integrity": "sha512-GksZ6pr6TpIjHm8h9lSQ8pi8BE9VeubNT0OMJ3B5uZJ8pz73NPiqOtCog/x2/QzM1ENChPKxMDhiQuRHsqc+lg==",
			"dev": true,
			"requires": {
				"@types/estree": "0.0.39",
				"estree-walker": "^1.0.1",
				"picomatch": "^2.2.2"
			}
		},
		"@sinonjs/commons": {
			"version": "3.0.0",
			"resolved": "https://registry.npmjs.org/@sinonjs/commons/-/commons-3.0.0.tgz",
			"integrity": "sha512-jXBtWAF4vmdNmZgD5FoKsVLv3rPgDnLgPbU84LIJ3otV44vJlDRokVng5v8NFJdCf/da9legHcKaRuZs4L7faA==",
			"dev": true,
			"requires": {
				"type-detect": "4.0.8"
			}
		},
		"@sinonjs/fake-timers": {
			"version": "10.0.2",
			"resolved": "https://registry.npmjs.org/@sinonjs/fake-timers/-/fake-timers-10.0.2.tgz",
			"integrity": "sha512-SwUDyjWnah1AaNl7kxsa7cfLhlTYoiyhDAIgyh+El30YvXs/o7OLXpYH88Zdhyx9JExKrmHDJ+10bwIcY80Jmw==",
			"dev": true,
			"requires": {
				"@sinonjs/commons": "^2.0.0"
			},
			"dependencies": {
				"@sinonjs/commons": {
					"version": "2.0.0",
					"resolved": "https://registry.npmjs.org/@sinonjs/commons/-/commons-2.0.0.tgz",
					"integrity": "sha512-uLa0j859mMrg2slwQYdO/AkrOfmH+X6LTVmNTS9CqexuE2IvVORIkSpJLqePAbEnKJ77aMmCwr1NUZ57120Xcg==",
					"dev": true,
					"requires": {
						"type-detect": "4.0.8"
					}
				}
			}
		},
		"@sinonjs/samsam": {
			"version": "8.0.0",
			"resolved": "https://registry.npmjs.org/@sinonjs/samsam/-/samsam-8.0.0.tgz",
			"integrity": "sha512-Bp8KUVlLp8ibJZrnvq2foVhP0IVX2CIprMJPK0vqGqgrDa0OHVKeZyBykqskkrdxV6yKBPmGasO8LVjAKR3Gew==",
			"dev": true,
			"requires": {
				"@sinonjs/commons": "^2.0.0",
				"lodash.get": "^4.4.2",
				"type-detect": "^4.0.8"
			},
			"dependencies": {
				"@sinonjs/commons": {
					"version": "2.0.0",
					"resolved": "https://registry.npmjs.org/@sinonjs/commons/-/commons-2.0.0.tgz",
					"integrity": "sha512-uLa0j859mMrg2slwQYdO/AkrOfmH+X6LTVmNTS9CqexuE2IvVORIkSpJLqePAbEnKJ77aMmCwr1NUZ57120Xcg==",
					"dev": true,
					"requires": {
						"type-detect": "4.0.8"
					}
				}
			}
		},
		"@sinonjs/text-encoding": {
			"version": "0.7.2",
			"resolved": "https://registry.npmjs.org/@sinonjs/text-encoding/-/text-encoding-0.7.2.tgz",
			"integrity": "sha512-sXXKG+uL9IrKqViTtao2Ws6dy0znu9sOaP1di/jKGW1M6VssO8vlpXCQcpZ+jisQ1tTFAC5Jo/EOzFbggBagFQ==",
			"dev": true
		},
		"@types/estree": {
			"version": "0.0.39",
			"resolved": "https://registry.npmjs.org/@types/estree/-/estree-0.0.39.tgz",
			"integrity": "sha512-EYNwp3bU+98cpU4lAWYYL7Zz+2gryWH1qbdDTidVd6hkiR6weksdbMadyXKXNPEkQFhXM+hVO9ZygomHXp+AIw==",
			"dev": true
		},
		"@types/node": {
			"version": "16.11.7",
			"resolved": "https://registry.npmjs.org/@types/node/-/node-16.11.7.tgz",
			"integrity": "sha512-QB5D2sqfSjCmTuWcBWyJ+/44bcjO7VbjSbOE0ucoVbAsSNQc4Lt6QkgkVXkTDwkL4z/beecZNDvVX15D4P8Jbw==",
			"dev": true
		},
		"@types/resolve": {
			"version": "1.17.1",
			"resolved": "https://registry.npmjs.org/@types/resolve/-/resolve-1.17.1.tgz",
			"integrity": "sha512-yy7HuzQhj0dhGpD8RLXSZWEkLsV9ibvxvi6EiJ3bkqLAO1RGo0WbkWQiwpRlSFymTJRz0d3k5LM3kkx8ArDbLw==",
			"dev": true,
			"requires": {
				"@types/node": "*"
			}
		},
		"balanced-match": {
			"version": "1.0.2",
			"resolved": "https://registry.npmjs.org/balanced-match/-/balanced-match-1.0.2.tgz",
			"integrity": "sha512-3oSeUO0TMV67hN1AmbXsK4yaqU7tjiHlbxRDZOpH0KW9+CeX4bRAaX0Anxt0tx2MrpRpWwQaPwIlISEJhYU5Pw==",
			"dev": true
		},
		"brace-expansion": {
			"version": "1.1.11",
			"resolved": "https://registry.npmjs.org/brace-expansion/-/brace-expansion-1.1.11.tgz",
			"integrity": "sha512-iCuPHDFgrHX7H2vEI/5xpz07zSHB00TpugqhmYtVmMO6518mCuRMoOYFldEBl0g187ufozdaHgWKcYFb61qGiA==",
			"dev": true,
			"requires": {
				"balanced-match": "^1.0.0",
				"concat-map": "0.0.1"
			}
		},
		"builtin-modules": {
			"version": "3.3.0",
			"resolved": "https://registry.npmjs.org/builtin-modules/-/builtin-modules-3.3.0.tgz",
			"integrity": "sha512-zhaCDicdLuWN5UbN5IMnFqNMhNfo919sH85y2/ea+5Yg9TsTkeZxpL+JLbp6cgYFS4sRLp3YV4S6yDuqVWHYOw==",
			"dev": true
		},
		"colors": {
			"version": "1.4.0",
			"resolved": "https://registry.npmjs.org/colors/-/colors-1.4.0.tgz",
			"integrity": "sha512-a+UqTh4kgZg/SlGvfbzDHpgRu7AAQOmmqRHJnxhRZICKFUT91brVhNNt58CMWU9PsBbv3PDCZUHbVxuDiH2mtA=="
		},
		"commondir": {
			"version": "1.0.1",
			"resolved": "https://registry.npmjs.org/commondir/-/commondir-1.0.1.tgz",
			"integrity": "sha1-3dgA2gxmEnOTzKWVDqloo6rxJTs=",
			"dev": true
		},
		"concat-map": {
			"version": "0.0.1",
			"resolved": "https://registry.npmjs.org/concat-map/-/concat-map-0.0.1.tgz",
			"integrity": "sha1-2Klr13/Wjfd5OnMDajug1UBdR3s=",
			"dev": true
		},
		"deepmerge": {
			"version": "4.2.2",
			"resolved": "https://registry.npmjs.org/deepmerge/-/deepmerge-4.2.2.tgz",
			"integrity": "sha512-FJ3UgI4gIl+PHZm53knsuSFpE+nESMr7M4v9QcgB7S63Kj/6WqMiFQJpBBYz1Pt+66bZpP3Q7Lye0Oo9MPKEdg==",
			"dev": true
		},
		"diff": {
			"version": "5.1.0",
			"resolved": "https://registry.npmjs.org/diff/-/diff-5.1.0.tgz",
			"integrity": "sha512-D+mk+qE8VC/PAUrlAU34N+VfXev0ghe5ywmpqrawphmVZc1bEfn56uo9qpyGp1p4xpzOHkSW4ztBd6L7Xx4ACw==",
			"dev": true
		},
		"esm": {
			"version": "3.2.25",
			"resolved": "https://registry.npmjs.org/esm/-/esm-3.2.25.tgz",
			"integrity": "sha512-U1suiZ2oDVWv4zPO56S0NcR5QriEahGtdN2OR6FiOG4WJvcjBVFB0qI4+eKoWFH483PKGuLuu6V8Z4T5g63UVA==",
			"dev": true
		},
		"estree-walker": {
			"version": "1.0.1",
			"resolved": "https://registry.npmjs.org/estree-walker/-/estree-walker-1.0.1.tgz",
			"integrity": "sha512-1fMXF3YP4pZZVozF8j/ZLfvnR8NSIljt56UhbZ5PeeDmmGHpgpdwQt7ITlGvYaQukCvuBRMLEiKiYC+oeIg4cg==",
			"dev": true
		},
		"fs.realpath": {
			"version": "1.0.0",
			"resolved": "https://registry.npmjs.org/fs.realpath/-/fs.realpath-1.0.0.tgz",
			"integrity": "sha1-FQStJSMVjKpA20onh8sBQRmU6k8=",
			"dev": true
		},
		"fsevents": {
			"version": "2.3.2",
			"resolved": "https://registry.npmjs.org/fsevents/-/fsevents-2.3.2.tgz",
			"integrity": "sha512-xiqMQR4xAeHTuB9uWm+fFRcIOgKBMiOBP+eXiyT7jsgVCq1bkVygt00oASowB7EdtpOHaaPgKt812P9ab+DDKA==",
			"dev": true,
			"optional": true
		},
		"function-bind": {
			"version": "1.1.1",
			"resolved": "https://registry.npmjs.org/function-bind/-/function-bind-1.1.1.tgz",
			"integrity": "sha512-yIovAzMX49sF8Yl58fSCWJ5svSLuaibPxXQJFLmBObTuCr0Mf1KiPopGM9NiFjiYBCbfaa2Fh6breQ6ANVTI0A==",
			"dev": true
		},
		"glob": {
			"version": "7.2.0",
			"resolved": "https://registry.npmjs.org/glob/-/glob-7.2.0.tgz",
			"integrity": "sha512-lmLf6gtyrPq8tTjSmrO94wBeQbFR3HbLHbuyD69wuyQkImp2hWqMGB47OX65FBkPffO641IP9jWa1z4ivqG26Q==",
			"dev": true,
			"requires": {
				"fs.realpath": "^1.0.0",
				"inflight": "^1.0.4",
				"inherits": "2",
				"minimatch": "^3.0.4",
				"once": "^1.3.0",
				"path-is-absolute": "^1.0.0"
			}
		},
		"has": {
			"version": "1.0.3",
			"resolved": "https://registry.npmjs.org/has/-/has-1.0.3.tgz",
			"integrity": "sha512-f2dvO0VU6Oej7RkWJGrehjbzMAjFp5/VKPp5tTpWIV4JHHZK1/BxbFRtf/siA2SWTe09caDmVtYYzWEIbBS4zw==",
			"dev": true,
			"requires": {
				"function-bind": "^1.1.1"
			}
		},
		"has-flag": {
			"version": "4.0.0",
			"resolved": "https://registry.npmjs.org/has-flag/-/has-flag-4.0.0.tgz",
			"integrity": "sha512-EykJT/Q1KjTWctppgIAgfSO0tKVuZUjhgMr17kqTumMl6Afv3EISleU7qZUzoXDFTAHTDC4NOoG/ZxU3EvlMPQ==",
			"dev": true
		},
		"inflight": {
			"version": "1.0.6",
			"resolved": "https://registry.npmjs.org/inflight/-/inflight-1.0.6.tgz",
			"integrity": "sha1-Sb1jMdfQLQwJvJEKEHW6gWW1bfk=",
			"dev": true,
			"requires": {
				"once": "^1.3.0",
				"wrappy": "1"
			}
		},
		"inherits": {
			"version": "2.0.4",
			"resolved": "https://registry.npmjs.org/inherits/-/inherits-2.0.4.tgz",
			"integrity": "sha512-k/vGaX4/Yla3WzyMCvTQOXYeIHvqOKtnqBduzTHpzpQZzAskKMhZ2K+EnBiSM9zGSoIFeMpXKxa4dYeZIQqewQ==",
			"dev": true
		},
		"is-builtin-module": {
			"version": "3.2.0",
			"resolved": "https://registry.npmjs.org/is-builtin-module/-/is-builtin-module-3.2.0.tgz",
			"integrity": "sha512-phDA4oSGt7vl1n5tJvTWooWWAsXLY+2xCnxNqvKhGEzujg+A43wPlPOyDg3C8XQHN+6k/JTQWJ/j0dQh/qr+Hw==",
			"dev": true,
			"requires": {
				"builtin-modules": "^3.3.0"
			}
		},
		"is-core-module": {
			"version": "2.8.0",
			"resolved": "https://registry.npmjs.org/is-core-module/-/is-core-module-2.8.0.tgz",
			"integrity": "sha512-vd15qHsaqrRL7dtH6QNuy0ndJmRDrS9HAM1CAiSifNUFv4x1a0CCVsj18hJ1mShxIG6T2i1sO78MkP56r0nYRw==",
			"dev": true,
			"requires": {
				"has": "^1.0.3"
			}
		},
		"is-module": {
			"version": "1.0.0",
			"resolved": "https://registry.npmjs.org/is-module/-/is-module-1.0.0.tgz",
			"integrity": "sha1-Mlj7afeMFNW4FdZkM2tM/7ZEFZE=",
			"dev": true
		},
		"is-reference": {
			"version": "1.2.1",
			"resolved": "https://registry.npmjs.org/is-reference/-/is-reference-1.2.1.tgz",
			"integrity": "sha512-U82MsXXiFIrjCK4otLT+o2NA2Cd2g5MLoOVXUZjIOhLurrRxpEXzI8O0KZHr3IjLvlAH1kTPYSuqer5T9ZVBKQ==",
			"dev": true,
			"requires": {
				"@types/estree": "*"
			}
		},
		"isarray": {
			"version": "0.0.1",
			"resolved": "https://registry.npmjs.org/isarray/-/isarray-0.0.1.tgz",
			"integrity": "sha512-D2S+3GLxWH+uhrNEcoh/fnmYeP8E8/zHl644d/jdA0g2uyXvy3sb0qxotE+ne0LtccHknQzWwZEzhak7oJ0COQ==",
			"dev": true
		},
		"just-extend": {
			"version": "4.2.1",
			"resolved": "https://registry.npmjs.org/just-extend/-/just-extend-4.2.1.tgz",
			"integrity": "sha512-g3UB796vUFIY90VIv/WX3L2c8CS2MdWUww3CNrYmqza1Fg0DURc2K/O4YrnklBdQarSJ/y8JnJYDGc+1iumQjg==",
			"dev": true
		},
		"lodash.get": {
			"version": "4.4.2",
			"resolved": "https://registry.npmjs.org/lodash.get/-/lodash.get-4.4.2.tgz",
			"integrity": "sha512-z+Uw/vLuy6gQe8cfaFWD7p0wVv8fJl3mbzXh33RS+0oW2wvUqiRXiQ69gLWSLpgB5/6sU+r6BlQR0MBILadqTQ==",
			"dev": true
		},
		"magic-string": {
			"version": "0.25.7",
			"resolved": "https://registry.npmjs.org/magic-string/-/magic-string-0.25.7.tgz",
			"integrity": "sha512-4CrMT5DOHTDk4HYDlzmwu4FVCcIYI8gauveasrdCu2IKIFOJ3f0v/8MDGJCDL9oD2ppz/Av1b0Nj345H9M+XIA==",
			"dev": true,
			"requires": {
				"sourcemap-codec": "^1.4.4"
			}
		},
		"mime": {
			"version": "1.6.0",
			"resolved": "https://registry.npmjs.org/mime/-/mime-1.6.0.tgz",
			"integrity": "sha512-x0Vn8spI+wuJ1O6S7gnbaQg8Pxh4NNHb7KSINmEWKiPE4RKOplvijn+NkmYmmRgP68mc70j2EbeTFRsrswaQeg=="
		},
		"minimatch": {
			"version": "3.0.4",
			"resolved": "https://registry.npmjs.org/minimatch/-/minimatch-3.0.4.tgz",
			"integrity": "sha512-yJHVQEhyqPLUTgt9B83PXu6W3rx4MvvHvSUvToogpwoGDOUQ+yDrR0HRot+yOCdCO7u4hX3pWft6kWBBcqh0UA==",
			"dev": true,
			"requires": {
				"brace-expansion": "^1.1.7"
			}
		},
		"minimist": {
			"version": "0.0.10",
			"resolved": "https://registry.npmjs.org/minimist/-/minimist-0.0.10.tgz",
			"integrity": "sha1-3j+YVD2/lggr5IrRoMfNqDYwHc8="
		},
		"nise": {
			"version": "5.1.4",
			"resolved": "https://registry.npmjs.org/nise/-/nise-5.1.4.tgz",
			"integrity": "sha512-8+Ib8rRJ4L0o3kfmyVCL7gzrohyDe0cMFTBa2d364yIrEGMEoetznKJx899YxjybU6bL9SQkYPSBBs1gyYs8Xg==",
			"dev": true,
			"requires": {
				"@sinonjs/commons": "^2.0.0",
				"@sinonjs/fake-timers": "^10.0.2",
				"@sinonjs/text-encoding": "^0.7.1",
				"just-extend": "^4.0.2",
				"path-to-regexp": "^1.7.0"
			},
			"dependencies": {
				"@sinonjs/commons": {
					"version": "2.0.0",
					"resolved": "https://registry.npmjs.org/@sinonjs/commons/-/commons-2.0.0.tgz",
					"integrity": "sha512-uLa0j859mMrg2slwQYdO/AkrOfmH+X6LTVmNTS9CqexuE2IvVORIkSpJLqePAbEnKJ77aMmCwr1NUZ57120Xcg==",
					"dev": true,
					"requires": {
						"type-detect": "4.0.8"
					}
				}
			}
		},
		"node-static": {
			"version": "0.7.11",
			"resolved": "https://registry.npmjs.org/node-static/-/node-static-0.7.11.tgz",
			"integrity": "sha512-zfWC/gICcqb74D9ndyvxZWaI1jzcoHmf4UTHWQchBNuNMxdBLJMDiUgZ1tjGLEIe/BMhj2DxKD8HOuc2062pDQ==",
			"requires": {
				"colors": ">=0.6.0",
				"mime": "^1.2.9",
				"optimist": ">=0.3.4"
			}
		},
		"once": {
			"version": "1.4.0",
			"resolved": "https://registry.npmjs.org/once/-/once-1.4.0.tgz",
			"integrity": "sha1-WDsap3WWHUsROsF9nFC6753Xa9E=",
			"dev": true,
			"requires": {
				"wrappy": "1"
			}
		},
		"optimist": {
			"version": "0.6.1",
			"resolved": "https://registry.npmjs.org/optimist/-/optimist-0.6.1.tgz",
			"integrity": "sha1-2j6nRob6IaGaERwybpDrFaAZZoY=",
			"requires": {
				"minimist": "~0.0.1",
				"wordwrap": "~0.0.2"
			}
		},
		"path-is-absolute": {
			"version": "1.0.1",
			"resolved": "https://registry.npmjs.org/path-is-absolute/-/path-is-absolute-1.0.1.tgz",
			"integrity": "sha1-F0uSaHNVNP+8es5r9TpanhtcX18=",
			"dev": true
		},
		"path-parse": {
			"version": "1.0.7",
			"resolved": "https://registry.npmjs.org/path-parse/-/path-parse-1.0.7.tgz",
			"integrity": "sha512-LDJzPVEEEPR+y48z93A0Ed0yXb8pAByGWo/k5YYdYgpY2/2EsOsksJrq7lOHxryrVOn1ejG6oAp8ahvOIQD8sw==",
			"dev": true
		},
		"path-to-regexp": {
			"version": "1.8.0",
			"resolved": "https://registry.npmjs.org/path-to-regexp/-/path-to-regexp-1.8.0.tgz",
			"integrity": "sha512-n43JRhlUKUAlibEJhPeir1ncUID16QnEjNpwzNdO3Lm4ywrBpBZ5oLD0I6br9evr1Y9JTqwRtAh7JLoOzAQdVA==",
			"dev": true,
			"requires": {
				"isarray": "0.0.1"
			}
		},
		"picomatch": {
			"version": "2.3.1",
			"resolved": "https://registry.npmjs.org/picomatch/-/picomatch-2.3.1.tgz",
			"integrity": "sha512-JU3teHTNjmE2VCGFzuY8EXzCDVwEqB2a8fsIvwaStHhAWJEeVd1o1QD80CU6+ZdEXXSLbSsuLwJjkCBWqRQUVA==",
			"dev": true
		},
		"resolve": {
			"version": "1.20.0",
			"resolved": "https://registry.npmjs.org/resolve/-/resolve-1.20.0.tgz",
			"integrity": "sha512-wENBPt4ySzg4ybFQW2TT1zMQucPK95HSh/nq2CFTZVOGut2+pQvSsgtda4d26YrYcr067wjbmzOG8byDPBX63A==",
			"dev": true,
			"requires": {
				"is-core-module": "^2.2.0",
				"path-parse": "^1.0.6"
			}
		},
		"rollup": {
			"version": "2.79.1",
			"resolved": "https://registry.npmjs.org/rollup/-/rollup-2.79.1.tgz",
			"integrity": "sha512-uKxbd0IhMZOhjAiD5oAFp7BqvkA4Dv47qpOCtaNvng4HBwdbWtdOh8f5nZNuk2rp51PMGk3bzfWu5oayNEuYnw==",
			"dev": true,
			"requires": {
				"fsevents": "~2.3.2"
			}
		},
		"rollup-plugin-inject-process-env": {
			"version": "1.3.1",
			"resolved": "https://registry.npmjs.org/rollup-plugin-inject-process-env/-/rollup-plugin-inject-process-env-1.3.1.tgz",
			"integrity": "sha512-kKDoL30IZr0wxbNVJjq+OS92RJSKRbKV6B5eNW4q3mZTFqoWDh6lHy+mPDYuuGuERFNKXkG+AKxvYqC9+DRpKQ==",
			"dev": true,
			"requires": {
				"magic-string": "^0.25.7"
			}
		},
		"rollup-plugin-polyfill-node": {
			"version": "0.11.0",
			"resolved": "https://registry.npmjs.org/rollup-plugin-polyfill-node/-/rollup-plugin-polyfill-node-0.11.0.tgz",
			"integrity": "sha512-5t+qhq4LAQKQBgbPOQJEoxxGzU5b+zLfvzpUAGy9u0MCMs8y+mrjUAv8+xrkWdxnwXQwJtjmCMnA9lCflsMzNw==",
			"dev": true,
			"requires": {
				"@rollup/plugin-inject": "^5.0.1"
			},
			"dependencies": {
				"@rollup/plugin-inject": {
					"version": "5.0.3",
					"resolved": "https://registry.npmjs.org/@rollup/plugin-inject/-/plugin-inject-5.0.3.tgz",
					"integrity": "sha512-411QlbL+z2yXpRWFXSmw/teQRMkXcAAC8aYTemc15gwJRpvEVDQwoe+N/HTFD8RFG8+88Bme9DK2V9CVm7hJdA==",
					"dev": true,
					"requires": {
						"@rollup/pluginutils": "^5.0.1",
						"estree-walker": "^2.0.2",
						"magic-string": "^0.27.0"
					},
					"dependencies": {
						"@rollup/pluginutils": {
							"version": "5.0.2",
							"resolved": "https://registry.npmjs.org/@rollup/pluginutils/-/pluginutils-5.0.2.tgz",
							"integrity": "sha512-pTd9rIsP92h+B6wWwFbW8RkZv4hiR/xKsqre4SIuAOaOEQRxi0lqLke9k2/7WegC85GgUs9pjmOjCUi3In4vwA==",
							"dev": true,
							"requires": {
								"@types/estree": "^1.0.0",
								"estree-walker": "^2.0.2",
								"picomatch": "^2.3.1"
							}
						}
					}
				},
				"@types/estree": {
					"version": "1.0.0",
					"resolved": "https://registry.npmjs.org/@types/estree/-/estree-1.0.0.tgz",
					"integrity": "sha512-WulqXMDUTYAXCjZnk6JtIHPigp55cVtDgDrO2gHRwhyJto21+1zbVCtOYB2L1F9w4qCQ0rOGWBnBe0FNTiEJIQ==",
					"dev": true
				},
				"estree-walker": {
					"version": "2.0.2",
					"resolved": "https://registry.npmjs.org/estree-walker/-/estree-walker-2.0.2.tgz",
					"integrity": "sha512-Rfkk/Mp/DL7JVje3u18FxFujQlTNR2q6QfMSMB7AvCBx91NGj/ba3kCfza0f6dVDbw7YlRf/nDrn7pQrCCyQ/w==",
					"dev": true
				},
				"magic-string": {
					"version": "0.27.0",
					"resolved": "https://registry.npmjs.org/magic-string/-/magic-string-0.27.0.tgz",
					"integrity": "sha512-8UnnX2PeRAPZuN12svgR9j7M1uWMovg/CEnIwIG0LFkXSJJe4PdfUGiTGl8V9bsBHFUtfVINcSyYxd7q+kx9fA==",
					"dev": true,
					"requires": {
						"@jridgewell/sourcemap-codec": "^1.4.13"
					}
				}
			}
		},
		"sinon": {
			"version": "15.0.3",
			"resolved": "https://registry.npmjs.org/sinon/-/sinon-15.0.3.tgz",
			"integrity": "sha512-si3geiRkeovP7Iel2O+qGL4NrO9vbMf3KsrJEi0ghP1l5aBkB5UxARea5j0FUsSqH3HLBh0dQPAyQ8fObRUqHw==",
			"dev": true,
			"requires": {
				"@sinonjs/commons": "^3.0.0",
				"@sinonjs/fake-timers": "^10.0.2",
				"@sinonjs/samsam": "^8.0.0",
				"diff": "^5.1.0",
				"nise": "^5.1.4",
				"supports-color": "^7.2.0"
			}
		},
		"sourcemap-codec": {
			"version": "1.4.8",
			"resolved": "https://registry.npmjs.org/sourcemap-codec/-/sourcemap-codec-1.4.8.tgz",
			"integrity": "sha512-9NykojV5Uih4lgo5So5dtw+f0JgJX30KCNI8gwhz2J9A15wD0Ml6tjHKwf6fTSa6fAdVBdZeNOs9eJ71qCk8vA==",
			"dev": true
		},
		"supports-color": {
			"version": "7.2.0",
			"resolved": "https://registry.npmjs.org/supports-color/-/supports-color-7.2.0.tgz",
			"integrity": "sha512-qpCAvRl9stuOHveKsn7HncJRvv501qIacKzQlO/+Lwxc9+0q2wLyv4Dfvt80/DPn2pqOBsJdDiogXGR9+OvwRw==",
			"dev": true,
			"requires": {
				"has-flag": "^4.0.0"
			}
		},
		"type-detect": {
			"version": "4.0.8",
			"resolved": "https://registry.npmjs.org/type-detect/-/type-detect-4.0.8.tgz",
			"integrity": "sha512-0fr/mIH1dlO+x7TlcMy+bIDqKPsw/70tVyeHW787goQjhmqaZe10uwLujubK9q9Lg6Fiho1KUKDYz0Z7k7g5/g==",
			"dev": true
		},
		"wordwrap": {
			"version": "0.0.3",
			"resolved": "https://registry.npmjs.org/wordwrap/-/wordwrap-0.0.3.tgz",
			"integrity": "sha1-o9XabNXAvAAI03I0u68b7WMFkQc="
		},
		"wrappy": {
			"version": "1.0.2",
			"resolved": "https://registry.npmjs.org/wrappy/-/wrappy-1.0.2.tgz",
			"integrity": "sha1-tSQ9jz7BqjXxNkYFvA0QNuMKtp8=",
			"dev": true
		},
		"ws": {
			"version": "8.11.0",
			"resolved": "https://registry.npmjs.org/ws/-/ws-8.11.0.tgz",
			"integrity": "sha512-HPG3wQd9sNQoT9xHyNCXoDUa+Xw/VevmY9FoHyQ+g+rrMn4j6FB4np7Z0OhdTgjx6MgQLK7jwSy1YecU1+4Asg==",
			"requires": {}
		}
	}
}
