{
  "name": "testkit-backend",
  "version": "4.4.0-dev",
  "lockfileVersion": 1,
  "requires": true,
  "dependencies": {
    "esm": {
      "version": "3.2.25",
      "resolved": "https://registry.npmjs.org/esm/-/esm-3.2.25.tgz",
      "integrity": "sha512-U1suiZ2oDVWv4zPO56S0NcR5QriEahGtdN2OR6FiOG4WJvcjBVFB0qI4+eKoWFH483PKGuLuu6V8Z4T5g63UVA==",
      "dev": true
    },
    "ws": {
      "version": "8.2.3",
      "resolved": "https://registry.npmjs.org/ws/-/ws-8.2.3.tgz",
      "integrity": "sha512-wBuoj1BDpC6ZQ1B7DWQBYVLphPWkm8i9Y0/3YdHjHKHiohOJ1ws+3OccDWtH+PoC9DZD5WOTrJvNbWvjS6JWaA=="
    }
  }
}
