{
  "version": "3",
  "remote": {
    "https://deno.land/std@0.119.0/_util/assert.ts": "2f868145a042a11d5ad0a3c748dcf580add8a0dbc0e876eaa0026303a5488f58",
    "https://deno.land/std@0.119.0/_util/os.ts": "dfb186cc4e968c770ab6cc3288bd65f4871be03b93beecae57d657232ecffcac",
    "https://deno.land/std@0.119.0/async/deadline.ts": "1d6ac7aeaee22f75eb86e4e105d6161118aad7b41ae2dd14f4cfd3bf97472b93",
    "https://deno.land/std@0.119.0/async/debounce.ts": "b2f693e4baa16b62793fd618de6c003b63228db50ecfe3bd51fc5f6dc0bc264b",
    "https://deno.land/std@0.119.0/async/deferred.ts": "ab60d46ba561abb3b13c0c8085d05797a384b9f182935f051dc67136817acdee",
    "https://deno.land/std@0.119.0/async/delay.ts": "f2d8ccaa8ebc26594bd8b0989edfd8a96257a714c1dee2fb54d986e5bdd840ac",
    "https://deno.land/std@0.119.0/async/mod.ts": "78425176fabea7bd1046ce3819fd69ce40da85c83e0f174d17e8e224a91f7d10",
    "https://deno.land/std@0.119.0/async/mux_async_iterator.ts": "62abff3af9ff619e8f2adc96fc70d4ca020fa48a50c23c13f12d02ed2b760dbe",
    "https://deno.land/std@0.119.0/async/pool.ts": "353ce4f91865da203a097aa6f33de8966340c91b6f4a055611c8c5d534afd12f",
    "https://deno.land/std@0.119.0/async/tee.ts": "3e9f2ef6b36e55188de16a667c702ace4ad0cf84e3720379160e062bf27348ad",
    "https://deno.land/std@0.119.0/bytes/bytes_list.ts": "3bff6a09c72b2e0b1e92e29bd3b135053894196cca07a2bba842901073efe5cb",
    "https://deno.land/std@0.119.0/bytes/equals.ts": "69f55fdbd45c71f920c1a621e6c0865dc780cd8ae34e0f5e55a9497b70c31c1b",
    "https://deno.land/std@0.119.0/bytes/mod.ts": "fedb80b8da2e7ad8dd251148e65f92a04c73d6c5a430b7d197dc39588c8dda6f",
    "https://deno.land/std@0.119.0/encoding/base64.ts": "0b58bd6477214838bf711eef43eac21e47ba9e5c81b2ce185fe25d9ecab3ebb3",
    "https://deno.land/std@0.119.0/encoding/base64url.ts": "a5c3f71c99a397f9c6da7701e7cae4c031700ae180ba68a0fc9ff9baca71e4ac",
    "https://deno.land/std@0.119.0/flags/mod.ts": "5bd80147c97e481efcc4c041096c6c1a1393248e2849ccd571269d62c2634cbe",
    "https://deno.land/std@0.119.0/fmt/colors.ts": "8368ddf2d48dfe413ffd04cdbb7ae6a1009cf0dccc9c7ff1d76259d9c61a0621",
    "https://deno.land/std@0.119.0/fmt/printf.ts": "419510e0a3f7c8d680fbf6472d5a11e372854f1c2b32fca5fdb513575c485068",
    "https://deno.land/std@0.119.0/fs/_util.ts": "f2ce811350236ea8c28450ed822a5f42a0892316515b1cd61321dec13569c56b",
    "https://deno.land/std@0.119.0/fs/empty_dir.ts": "5f08b263dd064dc7917c4bbeb13de0f5505a664b9cdfe312fa86e7518cfaeb84",
    "https://deno.land/std@0.119.0/fs/ensure_dir.ts": "b7c103dc41a3d1dbbb522bf183c519c37065fdc234831a4a0f7d671b1ed5fea7",
    "https://deno.land/std@0.119.0/fs/ensure_file.ts": "c06031af24368e80c330897e4b8e9109efc8602ffabc8f3e2306be07529e1d13",
    "https://deno.land/std@0.119.0/fs/ensure_link.ts": "26e54363508b822afd87a3f6e873bbbcd6b5993dd638f8170758c16262a75065",
    "https://deno.land/std@0.119.0/fs/ensure_symlink.ts": "c07b6d19ef58b6f5c671ffa942e7f9be50315f4f78e2f9f511626fd2e13beccc",
    "https://deno.land/std@0.119.0/fs/eol.ts": "afaebaaac36f48c423b920c836551997715672b80a0fee9aa7667c181a94f2df",
    "https://deno.land/std@0.119.0/fs/exists.ts": "c3c3335a212bd945bb75df379096ab57fb6c86598fa273dfb24da3b3939a951e",
    "https://deno.land/std@0.119.0/fs/expand_glob.ts": "f6f64ef54addcc84c9012d6dfcf66d39ecc2565e40c4d2b7644d585fe4d12a04",
    "https://deno.land/std@0.119.0/fs/mod.ts": "2bf5468fc950479b2a791cceae3d6fe3f32e573243b004d1f8e0a3df92211680",
    "https://deno.land/std@0.119.0/fs/move.ts": "4623058e39bbbeb3ad30aeff9c974c55d2d574ad7c480295c12b04c244686a99",
    "https://deno.land/std@0.119.0/fs/walk.ts": "31464d75099aa3fc7764212576a8772dfabb2692783e6eabb910f874a26eac54",
    "https://deno.land/std@0.119.0/io/buffer.ts": "8f10342821b81990acf859cdccb4e4031c7c9187a0ffc3ed6b356ee29ecc6681",
    "https://deno.land/std@0.119.0/log/handlers.ts": "bb0685d4124c7401efbacd9e019c0c1abd2dfb381b939601338b158d2b327cb7",
    "https://deno.land/std@0.119.0/log/levels.ts": "088a883039ece5fa0da5f74bc7688654045ea7cb01bf200b438191a28d728eae",
    "https://deno.land/std@0.119.0/log/logger.ts": "6b2dd8cbe6f407100b9becfe61595d7681f8ce3692412fad843de84d617a038e",
    "https://deno.land/std@0.119.0/log/mod.ts": "9393719dafdb360620ea9222c0ce0db35a0ebb0d49ea6d5c30406f332d2be334",
    "https://deno.land/std@0.119.0/node/_buffer.js": "a43c35f89ef15c2107cba863d2cd0bd573e829a2a3b80167033da9b96066ce51",
    "https://deno.land/std@0.119.0/node/_core.ts": "8b105f152c9f8990f7558b0a0a514d4f3ab90a85c09ca60e489ca92ed5271f75",
    "https://deno.land/std@0.119.0/node/_errors.ts": "bf047995427fc15a27a182ee13021e94315fa758c1cc7c3576374876ab9f952a",
    "https://deno.land/std@0.119.0/node/_fixed_queue.ts": "ac68975e5663ea9cf2e465e91a7600fa3d5dc1a2f556cf80fd1ee25b37dbcedf",
    "https://deno.land/std@0.119.0/node/_next_tick.ts": "9b0bde39bfad9774be73b0fe9e77df757e147e2fc04784d51fe777d36d142260",
    "https://deno.land/std@0.119.0/node/_process/process.ts": "828b67fa5858e30901e11a84968b2732057cd0bea34afcf49f617498040e7dbe",
    "https://deno.land/std@0.119.0/node/_util/_debuglog.ts": "b46f7b640bad2afb8adf2b3560e6969071f9de0721dcec9e3530465ab5ec6c40",
    "https://deno.land/std@0.119.0/node/_util/_util_callbackify.ts": "a89ade5b5d989f9eb9261cd8179a5f8a1579c6a898549fab304200a85ee520b0",
    "https://deno.land/std@0.119.0/node/_util/_util_promisify.ts": "6d8d88fd81763f1074c84f4494484f9dd86182dfe46b63fe5aadd6448b767896",
    "https://deno.land/std@0.119.0/node/_utils.ts": "42e5b28e1740ba0be9b4ace2c9adb95317d9cadb099418c51ed34cd6a301cae3",
    "https://deno.land/std@0.119.0/node/buffer.ts": "cf37645cd1fc08f1afa02532dc6682cefd8cabbf44812aa9a4916e79bdd1cd11",
    "https://deno.land/std@0.119.0/node/internal/buffer.js": "21f4bfea78679e18bfebeb1d9ece1a94d337d282a2a68d43ab5ff655c2d33e56",
    "https://deno.land/std@0.119.0/node/internal/idna.ts": "6d7cce3e569fd1d9e558d63ab522700e57b998597196a4746436a62f3f8b1c7f",
    "https://deno.land/std@0.119.0/node/internal/querystring.ts": "1fdee1158205dd220c3711cce2e994bd0848abc7518d245856d142b08a266a07",
    "https://deno.land/std@0.119.0/node/internal/util.js": "11ef4e4724a4d40f1f5ed4a54e42cee3c3af0f75dcea33ac063747a6e3b9a582",
    "https://deno.land/std@0.119.0/node/internal/util/comparisons.ts": "9e6979948221ee00a105355d8a9afe47fa059a331351cbb2e11fa8e2f50749d4",
    "https://deno.land/std@0.119.0/node/internal/util/inspect.js": "2b50eb7e8b1d5a73a933f56a361262cf2f23429a8e1ca6ee47db04229bf12208",
    "https://deno.land/std@0.119.0/node/internal/util/types.ts": "31745332605771b59701baebf1655f389202b10bb787afb78e66c92486bc0332",
    "https://deno.land/std@0.119.0/node/internal/validators.js": "16b58d8ac8505897422d4ad273652a8cb36c470f470df9677700cc3b78c24c19",
    "https://deno.land/std@0.119.0/node/internal_binding/_libuv_winerror.ts": "689b8fa52dafb7a1b55f3ffceca5905f77fb2720a8b9f77c921cd598e3ef3757",
    "https://deno.land/std@0.119.0/node/internal_binding/_node.ts": "c257e872993334cfab1eaab8212d422b24f7388281f73c7bbdd9bbf1bb2a7841",
    "https://deno.land/std@0.119.0/node/internal_binding/_utils.ts": "ee6830db046e829b5c4d6df1de21f1a3d6464469a2fe303b32bc44bb171c2eeb",
    "https://deno.land/std@0.119.0/node/internal_binding/_winerror.ts": "27e4a7d78ae31e7b07faafd25fe46fa367271aec0a49f3be067f7ec160396a38",
    "https://deno.land/std@0.119.0/node/internal_binding/buffer.ts": "f92daf02083bdaf0006a06fa1f26a26436f4b7b0c5d000aff7d01da3d1aa42a5",
    "https://deno.land/std@0.119.0/node/internal_binding/constants.ts": "91c9274c8891f93262032129348b25f170162cb126dc424ec7ce8a2172812657",
    "https://deno.land/std@0.119.0/node/internal_binding/string_decoder.ts": "6aca87fb018705e34c39d6f67d610b14c8ca04a47ca58f0d1fc8d5f9281e6b7b",
    "https://deno.land/std@0.119.0/node/internal_binding/types.ts": "80621e22989a1431068bc3b7f59cab3afb42cfb4d4cd273e61fa2d11ab3abab6",
    "https://deno.land/std@0.119.0/node/internal_binding/util.ts": "446b4d704f4d588df98db9c6f9c7465c08a23f20f781ba55bcc246fb260012af",
    "https://deno.land/std@0.119.0/node/internal_binding/uv.ts": "3b722cd20508d54e4d790c825b23510a5fa4313ad42bfb8904704a738df32325",
    "https://deno.land/std@0.119.0/node/path.ts": "86b262d6957fba13d4f3d58a92ced49de4f40169d06542326b5547ff97257f0d",
    "https://deno.land/std@0.119.0/node/querystring.ts": "4f436efdd97659fe567c00f1cff233d4f5b67002ef388951db052dfe7c3de114",
    "https://deno.land/std@0.119.0/node/string_decoder.ts": "e97d4988a3490fd572fc23e64b3a33dabc4ac76c1fb82665f34dc8956d57a658",
    "https://deno.land/std@0.119.0/node/url.ts": "c58bd8adfde3833026c1c3c8f55cd14e37f9f1e4dd6b7b99c5feb4ace710e9b4",
    "https://deno.land/std@0.119.0/node/util.ts": "3be88d5d1c908f279bf7fecd77ff3933e048aa50205029fdd69280f67aea5901",
    "https://deno.land/std@0.119.0/path/_constants.ts": "1247fee4a79b70c89f23499691ef169b41b6ccf01887a0abd131009c5581b853",
    "https://deno.land/std@0.119.0/path/_interface.ts": "1fa73b02aaa24867e481a48492b44f2598cd9dfa513c7b34001437007d3642e4",
    "https://deno.land/std@0.119.0/path/_util.ts": "2e06a3b9e79beaf62687196bd4b60a4c391d862cfa007a20fc3a39f778ba073b",
    "https://deno.land/std@0.119.0/path/common.ts": "f41a38a0719a1e85aa11c6ba3bea5e37c15dd009d705bd8873f94c833568cbc4",
    "https://deno.land/std@0.119.0/path/glob.ts": "ea87985765b977cc284b92771003b2070c440e0807c90e1eb0ff3e095911a820",
    "https://deno.land/std@0.119.0/path/mod.ts": "4465dc494f271b02569edbb4a18d727063b5dbd6ed84283ff906260970a15d12",
    "https://deno.land/std@0.119.0/path/posix.ts": "34349174b9cd121625a2810837a82dd8b986bbaaad5ade690d1de75bbb4555b2",
    "https://deno.land/std@0.119.0/path/separator.ts": "8fdcf289b1b76fd726a508f57d3370ca029ae6976fcde5044007f062e643ff1c",
    "https://deno.land/std@0.119.0/path/win32.ts": "11549e8c6df8307a8efcfa47ad7b2a75da743eac7d4c89c9723a944661c8bd2e",
    "https://deno.land/std@0.119.0/streams/conversion.ts": "7ff9af42540063fa72003ab31a377ba9dde8532d43b16329b933c37a6d7aac5f",
    "https://deno.land/std@0.119.0/testing/_diff.ts": "e6a10d2aca8d6c27a9c5b8a2dbbf64353874730af539707b5b39d4128140642d",
    "https://deno.land/std@0.119.0/testing/asserts.ts": "e8bd3ff280731e2d2b48c67d6ed97ce2c0b717601ccb38816aff89edce71680d",
    "https://deno.land/std@0.157.0/_util/assert.ts": "e94f2eb37cebd7f199952e242c77654e43333c1ac4c5c700e929ea3aa5489f74",
    "https://deno.land/std@0.157.0/bytes/bytes_list.ts": "aba5e2369e77d426b10af1de0dcc4531acecec27f9b9056f4f7bfbf8ac147ab4",
    "https://deno.land/std@0.157.0/bytes/equals.ts": "3c3558c3ae85526f84510aa2b48ab2ad7bdd899e2e0f5b7a8ffc85acb3a6043a",
    "https://deno.land/std@0.157.0/bytes/mod.ts": "763f97d33051cc3f28af1a688dfe2830841192a9fea0cbaa55f927b49d49d0bf",
    "https://deno.land/std@0.157.0/io/buffer.ts": "fae02290f52301c4e0188670e730cd902f9307fb732d79c4aa14ebdc82497289",
    "https://deno.land/std@0.157.0/streams/conversion.ts": "fc4eb76a14148c43f0b85e903a5a1526391aa40ed9434dc21e34f88304eb823e"
  }
}
